
Microsoft Visual Studio Solution File, Format Version 12.00
# Visual Studio Version 16
VisualStudioVersion = 16.0.31321.278
MinimumVisualStudioVersion = 10.0.40219.1
Project("{FAE04EC0-301F-11D3-BF4B-00C04F79EFBC}") = "OdmSpecLib", "OdmSpecLib\OdmSpecLib.csproj", "{3DB6226D-CC69-4B75-9842-837F17159AD8}"
EndProject
Project("{FAE04EC0-301F-11D3-BF4B-00C04F79EFBC}") = "OdmSpecLibTest", "OdmSpecLibTest\OdmSpecLibTest.csproj", "{B573B3CB-177F-4AC4-B268-ACB843D80793}"
EndProject
Global
	GlobalSection(SolutionConfigurationPlatforms) = preSolution
		Debug|Any CPU = Debug|Any CPU
		Release|Any CPU = Release|Any CPU
	EndGlobalSection
	GlobalSection(ProjectConfigurationPlatforms) = postSolution
		{3DB6226D-CC69-4B75-9842-837F17159AD8}.Debug|Any CPU.ActiveCfg = Debug|Any CPU
		{3DB6226D-CC69-4B75-9842-837F17159AD8}.Debug|Any CPU.Build.0 = Debug|Any CPU
		{3DB6226D-CC69-4B75-9842-837F17159AD8}.Release|Any CPU.ActiveCfg = Release|Any CPU
		{3DB6226D-CC69-4B75-9842-837F17159AD8}.Release|Any CPU.Build.0 = Release|Any CPU
		{B573B3CB-177F-4AC4-B268-ACB843D80793}.Debug|Any CPU.ActiveCfg = Debug|Any CPU
		{B573B3CB-177F-4AC4-B268-ACB843D80793}.Debug|Any CPU.Build.0 = Debug|Any CPU
		{B573B3CB-177F-4AC4-B268-ACB843D80793}.Release|Any CPU.ActiveCfg = Release|Any CPU
		{B573B3CB-177F-4AC4-B268-ACB843D80793}.Release|Any CPU.Build.0 = Release|Any CPU
	EndGlobalSection
	GlobalSection(SolutionProperties) = preSolution
		HideSolutionNode = FALSE
	EndGlobalSection
	GlobalSection(ExtensibilityGlobals) = postSolution
		SolutionGuid = {6F650D9F-F517-478A-8E47-0EA4655BC98A}
	EndGlobalSection
EndGlobal
